// !$*UTF8*$!
{
	archiveVersion = 1;
	classes = {
	};
	objectVersion = 50;
	objects = {

/* Begin PBXBuildFile section */
		235820AE20FDA8020035C9F9 /* chapter2_2.swift in Sources */ = {isa = PBXBuildFile; fileRef = 235820AD20FDA8020035C9F9 /* chapter2_2.swift */; };
		235B6C50211D4450004A42FF /* chapter2_3.swift in Sources */ = {isa = PBXBuildFile; fileRef = 235B6C4F211D4450004A42FF /* chapter2_3.swift */; };
		235B6C52211F32E4004A42FF /* chapter2_4.swift in Sources */ = {isa = PBXBuildFile; fileRef = 235B6C51211F32E4004A42FF /* chapter2_4.swift */; };
		2370BC3620E892BC00823494 /* AppDelegate.swift in Sources */ = {isa = PBXBuildFile; fileRef = 2370BC3520E892BC00823494 /* AppDelegate.swift */; };
		2370BC3820E892BC00823494 /* ViewController.swift in Sources */ = {isa = PBXBuildFile; fileRef = 2370BC3720E892BC00823494 /* ViewController.swift */; };
		2370BC3B20E892BC00823494 /* Main.storyboard in Resources */ = {isa = PBXBuildFile; fileRef = 2370BC3920E892BC00823494 /* Main.storyboard */; };
		2370BC3D20E892BE00823494 /* Assets.xcassets in Resources */ = {isa = PBXBuildFile; fileRef = 2370BC3C20E892BE00823494 /* Assets.xcassets */; };
		2370BC4020E892BE00823494 /* LaunchScreen.storyboard in Resources */ = {isa = PBXBuildFile; fileRef = 2370BC3E20E892BE00823494 /* LaunchScreen.storyboard */; };
		2370BC4820E893F800823494 /* chapter1.swift in Sources */ = {isa = PBXBuildFile; fileRef = 2370BC4720E893F800823494 /* chapter1.swift */; };
		2370BC4A20E8994300823494 /* Philosopher.swift in Sources */ = {isa = PBXBuildFile; fileRef = 2370BC4920E8994300823494 /* Philosopher.swift */; };
		23D5D5BD20EB3C6E00413515 /* chapter2_1.swift in Sources */ = {isa = PBXBuildFile; fileRef = 23D5D5BC20EB3C6E00413515 /* chapter2_1.swift */; };
/* End PBXBuildFile section */

/* Begin PBXFileReference section */
		235820AD20FDA8020035C9F9 /* chapter2_2.swift */ = {isa = PBXFileReference; lastKnownFileType = sourcecode.swift; path = chapter2_2.swift; sourceTree = "<group>"; };
		235B6C4F211D4450004A42FF /* chapter2_3.swift */ = {isa = PBXFileReference; lastKnownFileType = sourcecode.swift; path = chapter2_3.swift; sourceTree = "<group>"; };
		235B6C51211F32E4004A42FF /* chapter2_4.swift */ = {isa = PBXFileReference; lastKnownFileType = sourcecode.swift; path = chapter2_4.swift; sourceTree = "<group>"; };
		2370BC3220E892BC00823494 /* swift-book.app */ = {isa = PBXFileReference; explicitFileType = wrapper.application; includeInIndex = 0; path = "swift-book.app"; sourceTree = BUILT_PRODUCTS_DIR; };
		2370BC3520E892BC00823494 /* AppDelegate.swift */ = {isa = PBXFileReference; lastKnownFileType = sourcecode.swift; path = AppDelegate.swift; sourceTree = "<group>"; };
		2370BC3720E892BC00823494 /* ViewController.swift */ = {isa = PBXFileReference; lastKnownFileType = sourcecode.swift; path = ViewController.swift; sourceTree = "<group>"; };
		2370BC3A20E892BC00823494 /* Base */ = {isa = PBXFileReference; lastKnownFileType = file.storyboard; name = Base; path = Base.lproj/Main.storyboard; sourceTree = "<group>"; };
		2370BC3C20E892BE00823494 /* Assets.xcassets */ = {isa = PBXFileReference; lastKnownFileType = folder.assetcatalog; path = Assets.xcassets; sourceTree = "<group>"; };
		2370BC3F20E892BE00823494 /* Base */ = {isa = PBXFileReference; lastKnownFileType = file.storyboard; name = Base; path = Base.lproj/LaunchScreen.storyboard; sourceTree = "<group>"; };
		2370BC4120E892BE00823494 /* Info.plist */ = {isa = PBXFileReference; lastKnownFileType = text.plist.xml; path = Info.plist; sourceTree = "<group>"; };
		2370BC4720E893F800823494 /* chapter1.swift */ = {isa = PBXFileReference; lastKnownFileType = sourcecode.swift; path = chapter1.swift; sourceTree = "<group>"; };
		2370BC4920E8994300823494 /* Philosopher.swift */ = {isa = PBXFileReference; fileEncoding = 4; lastKnownFileType = sourcecode.swift; path = Philosopher.swift; sourceTree = "<group>"; };
		23D5D5BC20EB3C6E00413515 /* chapter2_1.swift */ = {isa = PBXFileReference; lastKnownFileType = sourcecode.swift; path = chapter2_1.swift; sourceTree = "<group>"; };
/* End PBXFileReference section */

/* Begin PBXFrameworksBuildPhase section */
		2370BC2F20E892BC00823494 /* Frameworks */ = {
			isa = PBXFrameworksBuildPhase;
			buildActionMask = 2147483647;
			files = (
			);
			runOnlyForDeploymentPostprocessing = 0;
		};
/* End PBXFrameworksBuildPhase section */

/* Begin PBXGroup section */
		2370BC2920E892BC00823494 = {
			isa = PBXGroup;
			children = (
				2370BC3420E892BC00823494 /* swift-book */,
				2370BC3320E892BC00823494 /* Products */,
			);
			sourceTree = "<group>";
		};
		2370BC3320E892BC00823494 /* Products */ = {
			isa = PBXGroup;
			children = (
				2370BC3220E892BC00823494 /* swift-book.app */,
			);
			name = Products;
			sourceTree = "<group>";
		};
		2370BC3420E892BC00823494 /* swift-book */ = {
			isa = PBXGroup;
			children = (
				2370BC3520E892BC00823494 /* AppDelegate.swift */,
				23D5D5C020EB3C9E00413515 /* UI */,
				23D5D5BE20EB3C8100413515 /* Chapters */,
				23D5D5BF20EB3C8F00413515 /* Models */,
				2370BC3C20E892BE00823494 /* Assets.xcassets */,
				2370BC4120E892BE00823494 /* Info.plist */,
			);
			path = "swift-book";
			sourceTree = "<group>";
		};
		23D5D5BE20EB3C8100413515 /* Chapters */ = {
			isa = PBXGroup;
			children = (
				2370BC4720E893F800823494 /* chapter1.swift */,
				23D5D5BC20EB3C6E00413515 /* chapter2_1.swift */,
				235820AD20FDA8020035C9F9 /* chapter2_2.swift */,
				235B6C4F211D4450004A42FF /* chapter2_3.swift */,
				235B6C51211F32E4004A42FF /* chapter2_4.swift */,
			);
			path = Chapters;
			sourceTree = "<group>";
		};
		23D5D5BF20EB3C8F00413515 /* Models */ = {
			isa = PBXGroup;
			children = (
				2370BC4920E8994300823494 /* Philosopher.swift */,
			);
			path = Models;
			sourceTree = "<group>";
		};
		23D5D5C020EB3C9E00413515 /* UI */ = {
			isa = PBXGroup;
			children = (
				2370BC3720E892BC00823494 /* ViewController.swift */,
				2370BC3920E892BC00823494 /* Main.storyboard */,
				2370BC3E20E892BE00823494 /* LaunchScreen.storyboard */,
			);
			path = UI;
			sourceTree = "<group>";
		};
/* End PBXGroup section */

/* Begin PBXNativeTarget section */
		2370BC3120E892BC00823494 /* swift-book */ = {
			isa = PBXNativeTarget;
			buildConfigurationList = 2370BC4420E892BE00823494 /* Build configuration list for PBXNativeTarget "swift-book" */;
			buildPhases = (
				2370BC2E20E892BC00823494 /* Sources */,
				2370BC2F20E892BC00823494 /* Frameworks */,
				2370BC3020E892BC00823494 /* Resources */,
			);
			buildRules = (
			);
			dependencies = (
			);
			name = "swift-book";
			productName = "swift-book";
			productReference = 2370BC3220E892BC00823494 /* swift-book.app */;
			productType = "com.apple.product-type.application";
		};
/* End PBXNativeTarget section */

/* Begin PBXProject section */
		2370BC2A20E892BC00823494 /* Project object */ = {
			isa = PBXProject;
			attributes = {
				LastSwiftUpdateCheck = 0940;
				LastUpgradeCheck = 0940;
				ORGANIZATIONNAME = "Carlos Arenas";
				TargetAttributes = {
					2370BC3120E892BC00823494 = {
						CreatedOnToolsVersion = 9.4.1;
					};
				};
			};
			buildConfigurationList = 2370BC2D20E892BC00823494 /* Build configuration list for PBXProject "swift-book" */;
			compatibilityVersion = "Xcode 9.3";
			developmentRegion = en;
			hasScannedForEncodings = 0;
			knownRegions = (
				en,
				Base,
			);
			mainGroup = 2370BC2920E892BC00823494;
			productRefGroup = 2370BC3320E892BC00823494 /* Products */;
			projectDirPath = "";
			projectRoot = "";
			targets = (
				2370BC3120E892BC00823494 /* swift-book */,
			);
		};
/* End PBXProject section */

/* Begin PBXResourcesBuildPhase section */
		2370BC3020E892BC00823494 /* Resources */ = {
			isa = PBXResourcesBuildPhase;
			buildActionMask = 2147483647;
			files = (
				2370BC4020E892BE00823494 /* LaunchScreen.storyboard in Resources */,
				2370BC3D20E892BE00823494 /* Assets.xcassets in Resources */,
				2370BC3B20E892BC00823494 /* Main.storyboard in Resources */,
			);
			runOnlyForDeploymentPostprocessing = 0;
		};
/* End PBXResourcesBuildPhase section */

/* Begin PBXSourcesBuildPhase section */
		2370BC2E20E892BC00823494 /* Sources */ = {
			isa = PBXSourcesBuildPhase;
			buildActionMask = 2147483647;
			files = (
				2370BC3820E892BC00823494 /* ViewController.swift in Sources */,
				235820AE20FDA8020035C9F9 /* chapter2_2.swift in Sources */,
				23D5D5BD20EB3C6E00413515 /* chapter2_1.swift in Sources */,
				2370BC4A20E8994300823494 /* Philosopher.swift in Sources */,
				2370BC4820E893F800823494 /* chapter1.swift in Sources */,
				235B6C50211D4450004A42FF /* chapter2_3.swift in Sources */,
				2370BC3620E892BC00823494 /* AppDelegate.swift in Sources */,
				235B6C52211F32E4004A42FF /* chapter2_4.swift in Sources */,
			);
			runOnlyForDeploymentPostprocessing = 0;
		};
/* End PBXSourcesBuildPhase section */

/* Begin PBXVariantGroup section */
		2370BC3920E892BC00823494 /* Main.storyboard */ = {
			isa = PBXVariantGroup;
			children = (
				2370BC3A20E892BC00823494 /* Base */,
			);
			name = Main.storyboard;
			sourceTree = "<group>";
		};
		2370BC3E20E892BE00823494 /* LaunchScreen.storyboard */ = {
			isa = PBXVariantGroup;
			children = (
				2370BC3F20E892BE00823494 /* Base */,
			);
			name = LaunchScreen.storyboard;
			sourceTree = "<group>";
		};
/* End PBXVariantGroup section */

/* Begin XCBuildConfiguration section */
		2370BC4220E892BE00823494 /* Debug */ = {
			isa = XCBuildConfiguration;
			buildSettings = {
				ALWAYS_SEARCH_USER_PATHS = NO;
				CLANG_ANALYZER_NONNULL = YES;
				CLANG_ANALYZER_NUMBER_OBJECT_CONVERSION = YES_AGGRESSIVE;
				CLANG_CXX_LANGUAGE_STANDARD = "gnu++14";
				CLANG_CXX_LIBRARY = "libc++";
				CLANG_ENABLE_MODULES = YES;
				CLANG_ENABLE_OBJC_ARC = YES;
				CLANG_ENABLE_OBJC_WEAK = YES;
				CLANG_WARN_BLOCK_CAPTURE_AUTORELEASING = YES;
				CLANG_WARN_BOOL_CONVERSION = YES;
				CLANG_WARN_COMMA = YES;
				CLANG_WARN_CONSTANT_CONVERSION = YES;
				CLANG_WARN_DEPRECATED_OBJC_IMPLEMENTATIONS = YES;
				CLANG_WARN_DIRECT_OBJC_ISA_USAGE = YES_ERROR;
				CLANG_WARN_DOCUMENTATION_COMMENTS = YES;
				CLANG_WARN_EMPTY_BODY = YES;
				CLANG_WARN_ENUM_CONVERSION = YES;
				CLANG_WARN_INFINITE_RECURSION = YES;
				CLANG_WARN_INT_CONVERSION = YES;
				CLANG_WARN_NON_LITERAL_NULL_CONVERSION = YES;
				CLANG_WARN_OBJC_IMPLICIT_RETAIN_SELF = YES;
				CLANG_WARN_OBJC_LITERAL_CONVERSION = YES;
				CLANG_WARN_OBJC_ROOT_CLASS = YES_ERROR;
				CLANG_WARN_RANGE_LOOP_ANALYSIS = YES;
				CLANG_WARN_STRICT_PROTOTYPES = YES;
				CLANG_WARN_SUSPICIOUS_MOVE = YES;
				CLANG_WARN_UNGUARDED_AVAILABILITY = YES_AGGRESSIVE;
				CLANG_WARN_UNREACHABLE_CODE = YES;
				CLANG_WARN__DUPLICATE_METHOD_MATCH = YES;
				CODE_SIGN_IDENTITY = "iPhone Developer";
				COPY_PHASE_STRIP = NO;
				DEBUG_INFORMATION_FORMAT = dwarf;
				ENABLE_STRICT_OBJC_MSGSEND = YES;
				ENABLE_TESTABILITY = YES;
				GCC_C_LANGUAGE_STANDARD = gnu11;
				GCC_DYNAMIC_NO_PIC = NO;
				GCC_NO_COMMON_BLOCKS = YES;
				GCC_OPTIMIZATION_LEVEL = 0;
				GCC_PREPROCESSOR_DEFINITIONS = (
					"DEBUG=1",
					"$(inherited)",
				);
				GCC_WARN_64_TO_32_BIT_CONVERSION = YES;
				GCC_WARN_ABOUT_RETURN_TYPE = YES_ERROR;
				GCC_WARN_UNDECLARED_SELECTOR = YES;
				GCC_WARN_UNINITIALIZED_AUTOS = YES_AGGRESSIVE;
				GCC_WARN_UNUSED_FUNCTION = YES;
				GCC_WARN_UNUSED_VARIABLE = YES;
				IPHONEOS_DEPLOYMENT_TARGET = 11.4;
				MTL_ENABLE_DEBUG_INFO = YES;
				ONLY_ACTIVE_ARCH = YES;
				SDKROOT = iphoneos;
				SWIFT_ACTIVE_COMPILATION_CONDITIONS = DEBUG;
				SWIFT_OPTIMIZATION_LEVEL = "-Onone";
			};
			name = Debug;
		};
		2370BC4320E892BE00823494 /* Release */ = {
			isa = XCBuildConfiguration;
			buildSettings = {
				ALWAYS_SEARCH_USER_PATHS = NO;
				CLANG_ANALYZER_NONNULL = YES;
				CLANG_ANALYZER_NUMBER_OBJECT_CONVERSION = YES_AGGRESSIVE;
				CLANG_CXX_LANGUAGE_STANDARD = "gnu++14";
				CLANG_CXX_LIBRARY = "libc++";
				CLANG_ENABLE_MODULES = YES;
				CLANG_ENABLE_OBJC_ARC = YES;
				CLANG_ENABLE_OBJC_WEAK = YES;
				CLANG_WARN_BLOCK_CAPTURE_AUTORELEASING = YES;
				CLANG_WARN_BOOL_CONVERSION = YES;
				CLANG_WARN_COMMA = YES;
				CLANG_WARN_CONSTANT_CONVERSION = YES;
				CLANG_WARN_DEPRECATED_OBJC_IMPLEMENTATIONS = YES;
				CLANG_WARN_DIRECT_OBJC_ISA_USAGE = YES_ERROR;
				CLANG_WARN_DOCUMENTATION_COMMENTS = YES;
				CLANG_WARN_EMPTY_BODY = YES;
				CLANG_WARN_ENUM_CONVERSION = YES;
				CLANG_WARN_INFINITE_RECURSION = YES;
				CLANG_WARN_INT_CONVERSION = YES;
				CLANG_WARN_NON_LITERAL_NULL_CONVERSION = YES;
				CLANG_WARN_OBJC_IMPLICIT_RETAIN_SELF = YES;
				CLANG_WARN_OBJC_LITERAL_CONVERSION = YES;
				CLANG_WARN_OBJC_ROOT_CLASS = YES_ERROR;
				CLANG_WARN_RANGE_LOOP_ANALYSIS = YES;
				CLANG_WARN_STRICT_PROTOTYPES = YES;
				CLANG_WARN_SUSPICIOUS_MOVE = YES;
				CLANG_WARN_UNGUARDED_AVAILABILITY = YES_AGGRESSIVE;
				CLANG_WARN_UNREACHABLE_CODE = YES;
				CLANG_WARN__DUPLICATE_METHOD_MATCH = YES;
				CODE_SIGN_IDENTITY = "iPhone Developer";
				COPY_PHASE_STRIP = NO;
				DEBUG_INFORMATION_FORMAT = "dwarf-with-dsym";
				ENABLE_NS_ASSERTIONS = NO;
				ENABLE_STRICT_OBJC_MSGSEND = YES;
				GCC_C_LANGUAGE_STANDARD = gnu11;
				GCC_NO_COMMON_BLOCKS = YES;
				GCC_WARN_64_TO_32_BIT_CONVERSION = YES;
				GCC_WARN_ABOUT_RETURN_TYPE = YES_ERROR;
				GCC_WARN_UNDECLARED_SELECTOR = YES;
				GCC_WARN_UNINITIALIZED_AUTOS = YES_AGGRESSIVE;
				GCC_WARN_UNUSED_FUNCTION = YES;
				GCC_WARN_UNUSED_VARIABLE = YES;
				IPHONEOS_DEPLOYMENT_TARGET = 11.4;
				MTL_ENABLE_DEBUG_INFO = NO;
				SDKROOT = iphoneos;
				SWIFT_COMPILATION_MODE = wholemodule;
				SWIFT_OPTIMIZATION_LEVEL = "-O";
				VALIDATE_PRODUCT = YES;
			};
			name = Release;
		};
		2370BC4520E892BE00823494 /* Debug */ = {
			isa = XCBuildConfiguration;
			buildSettings = {
				ASSETCATALOG_COMPILER_APPICON_NAME = AppIcon;
				CODE_SIGN_STYLE = Automatic;
				INFOPLIST_FILE = "swift-book/Info.plist";
				LD_RUNPATH_SEARCH_PATHS = (
					"$(inherited)",
					"@executable_path/Frameworks",
				);
				PRODUCT_BUNDLE_IDENTIFIER = "ca.swift-book";
				PRODUCT_NAME = "$(TARGET_NAME)";
				SWIFT_VERSION = 4.0;
				TARGETED_DEVICE_FAMILY = "1,2";
			};
			name = Debug;
		};
		2370BC4620E892BE00823494 /* Release */ = {
			isa = XCBuildConfiguration;
			buildSettings = {
				ASSETCATALOG_COMPILER_APPICON_NAME = AppIcon;
				CODE_SIGN_STYLE = Automatic;
				INFOPLIST_FILE = "swift-book/Info.plist";
				LD_RUNPATH_SEARCH_PATHS = (
					"$(inherited)",
					"@executable_path/Frameworks",
				);
				PRODUCT_BUNDLE_IDENTIFIER = "ca.swift-book";
				PRODUCT_NAME = "$(TARGET_NAME)";
				SWIFT_VERSION = 4.0;
				TARGETED_DEVICE_FAMILY = "1,2";
			};
			name = Release;
		};
/* End XCBuildConfiguration section */

/* Begin XCConfigurationList section */
		2370BC2D20E892BC00823494 /* Build configuration list for PBXProject "swift-book" */ = {
			isa = XCConfigurationList;
			buildConfigurations = (
				2370BC4220E892BE00823494 /* Debug */,
				2370BC4320E892BE00823494 /* Release */,
			);
			defaultConfigurationIsVisible = 0;
			defaultConfigurationName = Release;
		};
		2370BC4420E892BE00823494 /* Build configuration list for PBXNativeTarget "swift-book" */ = {
			isa = XCConfigurationList;
			buildConfigurations = (
				2370BC4520E892BE00823494 /* Debug */,
				2370BC4620E892BE00823494 /* Release */,
			);
			defaultConfigurationIsVisible = 0;
			defaultConfigurationName = Release;
		};
/* End XCConfigurationList section */
	};
	rootObject = 2370BC2A20E892BC00823494 /* Project object */;
}
